// !$*UTF8*$!
{
	archiveVersion = 1;
	classes = {
	};
	objectVersion = 56;
	objects = {

/* Begin PBXBuildFile section */
		D107D3D62B0624B7005F8DCD /* MainInformationTableViewCell.swift in Sources */ = {isa = PBXBuildFile; fileRef = D18C75B52AE81F89004F41CF /* MainInformationTableViewCell.swift */; };
		D17036DD2B32B0BA00465669 /* RecordPlayerViewModel.swift in Sources */ = {isa = PBXBuildFile; fileRef = D17036DC2B32B0BA00465669 /* RecordPlayerViewModel.swift */; };
		D17036DF2B32CFD900465669 /* TrackListViewModel.swift in Sources */ = {isa = PBXBuildFile; fileRef = D17036DE2B32CFD900465669 /* TrackListViewModel.swift */; };
		D171A19D2B25B4C300A97CCD /* APIService.swift in Sources */ = {isa = PBXBuildFile; fileRef = D171A19C2B25B4C300A97CCD /* APIService.swift */; };
		D18C75A22AE6DAC8004F41CF /* AppDelegate.swift in Sources */ = {isa = PBXBuildFile; fileRef = D18C75A12AE6DAC8004F41CF /* AppDelegate.swift */; };
		D18C75A42AE6DAC8004F41CF /* SceneDelegate.swift in Sources */ = {isa = PBXBuildFile; fileRef = D18C75A32AE6DAC8004F41CF /* SceneDelegate.swift */; };
		D18C75A62AE6DAC8004F41CF /* RegistrationViewController.swift in Sources */ = {isa = PBXBuildFile; fileRef = D18C75A52AE6DAC8004F41CF /* RegistrationViewController.swift */; };
		D18C75AE2AE6DAC9004F41CF /* LaunchScreen.storyboard in Resources */ = {isa = PBXBuildFile; fileRef = D18C75AC2AE6DAC9004F41CF /* LaunchScreen.storyboard */; };
		D18C75B82AE82010004F41CF /* RulesTableViewCell.swift in Sources */ = {isa = PBXBuildFile; fileRef = D18C75B72AE82010004F41CF /* RulesTableViewCell.swift */; };
		D18C75BA2AEB9822004F41CF /* Model.swift in Sources */ = {isa = PBXBuildFile; fileRef = D18C75B92AEB9822004F41CF /* Model.swift */; };
		D18C75BC2AF11C39004F41CF /* .gitignore in Resources */ = {isa = PBXBuildFile; fileRef = D18C75BB2AF11C39004F41CF /* .gitignore */; };
		D18E73132B0F3E4C005E0D6A /* TrackListTableViewCell.swift in Sources */ = {isa = PBXBuildFile; fileRef = D18E73122B0F3E4C005E0D6A /* TrackListTableViewCell.swift */; };
		D18E731C2B0F69D3005E0D6A /* RecordPlayerViewController.swift in Sources */ = {isa = PBXBuildFile; fileRef = D18E731B2B0F69D3005E0D6A /* RecordPlayerViewController.swift */; };
		D18E731E2B0FB955005E0D6A /* Assets.xcassets in Resources */ = {isa = PBXBuildFile; fileRef = D18E731D2B0FB955005E0D6A /* Assets.xcassets */; };
		D18E73252B19B57E005E0D6A /* API.swift in Sources */ = {isa = PBXBuildFile; fileRef = D18E73242B19B57E005E0D6A /* API.swift */; };
		D18E73322B205B95005E0D6A /* TracksModel.swift in Sources */ = {isa = PBXBuildFile; fileRef = D18E73312B205B95005E0D6A /* TracksModel.swift */; };
		D18E928A2B022E080012BF14 /* EnterTableViewCell.swift in Sources */ = {isa = PBXBuildFile; fileRef = D18E92892B022E080012BF14 /* EnterTableViewCell.swift */; };
		D18E928C2B0258D20012BF14 /* UserDefaultsKyes.swift in Sources */ = {isa = PBXBuildFile; fileRef = D18E928B2B0258D20012BF14 /* UserDefaultsKyes.swift */; };
		D18E928E2B0262170012BF14 /* TrackListViewController.swift in Sources */ = {isa = PBXBuildFile; fileRef = D18E928D2B0262170012BF14 /* TrackListViewController.swift */; };
		D7BCFF2D97CE123BEDF93DEE /* Pods_Lab_1.framework in Frameworks */ = {isa = PBXBuildFile; fileRef = 643CDD8331F986444367A7C7 /* Pods_Lab_1.framework */; };
/* End PBXBuildFile section */

/* Begin PBXFileReference section */
		041858889E61410EE779E499 /* Pods-Lab#1.debug.xcconfig */ = {isa = PBXFileReference; includeInIndex = 1; lastKnownFileType = text.xcconfig; name = "Pods-Lab#1.debug.xcconfig"; path = "Target Support Files/Pods-Lab#1/Pods-Lab#1.debug.xcconfig"; sourceTree = "<group>"; };
		145970822EAB9C8E59D0DC92 /* Pods-Lab#1.release.xcconfig */ = {isa = PBXFileReference; includeInIndex = 1; lastKnownFileType = text.xcconfig; name = "Pods-Lab#1.release.xcconfig"; path = "Target Support Files/Pods-Lab#1/Pods-Lab#1.release.xcconfig"; sourceTree = "<group>"; };
		643CDD8331F986444367A7C7 /* Pods_Lab_1.framework */ = {isa = PBXFileReference; explicitFileType = wrapper.framework; includeInIndex = 0; path = Pods_Lab_1.framework; sourceTree = BUILT_PRODUCTS_DIR; };
		D17036DC2B32B0BA00465669 /* RecordPlayerViewModel.swift */ = {isa = PBXFileReference; lastKnownFileType = sourcecode.swift; path = RecordPlayerViewModel.swift; sourceTree = "<group>"; };
		D17036DE2B32CFD900465669 /* TrackListViewModel.swift */ = {isa = PBXFileReference; lastKnownFileType = sourcecode.swift; path = TrackListViewModel.swift; sourceTree = "<group>"; };
		D171A19C2B25B4C300A97CCD /* APIService.swift */ = {isa = PBXFileReference; lastKnownFileType = sourcecode.swift; path = APIService.swift; sourceTree = "<group>"; };
		D18C759E2AE6DAC8004F41CF /* Lab#1.app */ = {isa = PBXFileReference; explicitFileType = wrapper.application; includeInIndex = 0; path = "Lab#1.app"; sourceTree = BUILT_PRODUCTS_DIR; };
		D18C75A12AE6DAC8004F41CF /* AppDelegate.swift */ = {isa = PBXFileReference; lastKnownFileType = sourcecode.swift; path = AppDelegate.swift; sourceTree = "<group>"; };
		D18C75A32AE6DAC8004F41CF /* SceneDelegate.swift */ = {isa = PBXFileReference; lastKnownFileType = sourcecode.swift; path = SceneDelegate.swift; sourceTree = "<group>"; };
		D18C75A52AE6DAC8004F41CF /* RegistrationViewController.swift */ = {isa = PBXFileReference; lastKnownFileType = sourcecode.swift; path = RegistrationViewController.swift; sourceTree = "<group>"; };
		D18C75AD2AE6DAC9004F41CF /* Base */ = {isa = PBXFileReference; lastKnownFileType = file.storyboard; name = Base; path = Base.lproj/LaunchScreen.storyboard; sourceTree = "<group>"; };
		D18C75AF2AE6DAC9004F41CF /* Info.plist */ = {isa = PBXFileReference; lastKnownFileType = text.plist.xml; path = Info.plist; sourceTree = "<group>"; };
		D18C75B52AE81F89004F41CF /* MainInformationTableViewCell.swift */ = {isa = PBXFileReference; lastKnownFileType = sourcecode.swift; path = MainInformationTableViewCell.swift; sourceTree = "<group>"; };
		D18C75B72AE82010004F41CF /* RulesTableViewCell.swift */ = {isa = PBXFileReference; lastKnownFileType = sourcecode.swift; path = RulesTableViewCell.swift; sourceTree = "<group>"; };
		D18C75B92AEB9822004F41CF /* Model.swift */ = {isa = PBXFileReference; lastKnownFileType = sourcecode.swift; path = Model.swift; sourceTree = "<group>"; };
		D18C75BB2AF11C39004F41CF /* .gitignore */ = {isa = PBXFileReference; lastKnownFileType = text; path = .gitignore; sourceTree = "<group>"; };
		D18E73122B0F3E4C005E0D6A /* TrackListTableViewCell.swift */ = {isa = PBXFileReference; lastKnownFileType = sourcecode.swift; path = TrackListTableViewCell.swift; sourceTree = "<group>"; };
		D18E731B2B0F69D3005E0D6A /* RecordPlayerViewController.swift */ = {isa = PBXFileReference; lastKnownFileType = sourcecode.swift; path = RecordPlayerViewController.swift; sourceTree = "<group>"; };
		D18E731D2B0FB955005E0D6A /* Assets.xcassets */ = {isa = PBXFileReference; lastKnownFileType = folder.assetcatalog; path = Assets.xcassets; sourceTree = "<group>"; };
		D18E73242B19B57E005E0D6A /* API.swift */ = {isa = PBXFileReference; lastKnownFileType = sourcecode.swift; path = API.swift; sourceTree = "<group>"; };
		D18E73312B205B95005E0D6A /* TracksModel.swift */ = {isa = PBXFileReference; lastKnownFileType = sourcecode.swift; path = TracksModel.swift; sourceTree = "<group>"; };
		D18E92892B022E080012BF14 /* EnterTableViewCell.swift */ = {isa = PBXFileReference; lastKnownFileType = sourcecode.swift; path = EnterTableViewCell.swift; sourceTree = "<group>"; };
		D18E928B2B0258D20012BF14 /* UserDefaultsKyes.swift */ = {isa = PBXFileReference; lastKnownFileType = sourcecode.swift; path = UserDefaultsKyes.swift; sourceTree = "<group>"; };
		D18E928D2B0262170012BF14 /* TrackListViewController.swift */ = {isa = PBXFileReference; lastKnownFileType = sourcecode.swift; path = TrackListViewController.swift; sourceTree = "<group>"; };
/* End PBXFileReference section */

/* Begin PBXFrameworksBuildPhase section */
		D18C759B2AE6DAC8004F41CF /* Frameworks */ = {
			isa = PBXFrameworksBuildPhase;
			buildActionMask = 2147483647;
			files = (
				D7BCFF2D97CE123BEDF93DEE /* Pods_Lab_1.framework in Frameworks */,
			);
			runOnlyForDeploymentPostprocessing = 0;
		};
/* End PBXFrameworksBuildPhase section */

/* Begin PBXGroup section */
		12E73622F14E7CAA89E0C8C1 /* Pods */ = {
			isa = PBXGroup;
			children = (
				041858889E61410EE779E499 /* Pods-Lab#1.debug.xcconfig */,
				145970822EAB9C8E59D0DC92 /* Pods-Lab#1.release.xcconfig */,
			);
			path = Pods;
			sourceTree = "<group>";
		};
		8F0E4438FF36BA7CEB8D7E09 /* Frameworks */ = {
			isa = PBXGroup;
			children = (
				643CDD8331F986444367A7C7 /* Pods_Lab_1.framework */,
			);
			name = Frameworks;
			sourceTree = "<group>";
		};
		D17036DA2B2DB6E300465669 /* AuthorizationModule */ = {
			isa = PBXGroup;
			children = (
				D18C75B52AE81F89004F41CF /* MainInformationTableViewCell.swift */,
				D18C75A52AE6DAC8004F41CF /* RegistrationViewController.swift */,
				D18C75B72AE82010004F41CF /* RulesTableViewCell.swift */,
				D18E92892B022E080012BF14 /* EnterTableViewCell.swift */,
				D18C75B92AEB9822004F41CF /* Model.swift */,
			);
			path = AuthorizationModule;
			sourceTree = "<group>";
		};
		D17036DB2B2DB71400465669 /* Modules */ = {
			isa = PBXGroup;
			children = (
				D18E731A2B0F69AC005E0D6A /* RecordPlayerModule */,
				D18E73192B0F695F005E0D6A /* TrackListModule */,
				D17036DA2B2DB6E300465669 /* AuthorizationModule */,
			);
			path = Modules;
			sourceTree = "<group>";
		};
		D18C75952AE6DAC8004F41CF = {
			isa = PBXGroup;
			children = (
				D18C75A02AE6DAC8004F41CF /* Lab#1 */,
				D18C759F2AE6DAC8004F41CF /* Products */,
				12E73622F14E7CAA89E0C8C1 /* Pods */,
				8F0E4438FF36BA7CEB8D7E09 /* Frameworks */,
			);
			sourceTree = "<group>";
		};
		D18C759F2AE6DAC8004F41CF /* Products */ = {
			isa = PBXGroup;
			children = (
				D18C759E2AE6DAC8004F41CF /* Lab#1.app */,
			);
			name = Products;
			sourceTree = "<group>";
		};
		D18C75A02AE6DAC8004F41CF /* Lab#1 */ = {
			isa = PBXGroup;
			children = (
				D18C75A12AE6DAC8004F41CF /* AppDelegate.swift */,
				D18C75A32AE6DAC8004F41CF /* SceneDelegate.swift */,
				D18E928B2B0258D20012BF14 /* UserDefaultsKyes.swift */,
				D17036DB2B2DB71400465669 /* Modules */,
				D18E73262B19B58D005E0D6A /* NetworkService */,
				D18C75BB2AF11C39004F41CF /* .gitignore */,
				D18C75AC2AE6DAC9004F41CF /* LaunchScreen.storyboard */,
				D18C75AF2AE6DAC9004F41CF /* Info.plist */,
				D18E731D2B0FB955005E0D6A /* Assets.xcassets */,
			);
			path = "Lab#1";
			sourceTree = "<group>";
		};
		D18E73192B0F695F005E0D6A /* TrackListModule */ = {
			isa = PBXGroup;
			children = (
				D18E928D2B0262170012BF14 /* TrackListViewController.swift */,
				D17036DE2B32CFD900465669 /* TrackListViewModel.swift */,
				D18E73122B0F3E4C005E0D6A /* TrackListTableViewCell.swift */,
			);
			path = TrackListModule;
			sourceTree = "<group>";
		};
		D18E731A2B0F69AC005E0D6A /* RecordPlayerModule */ = {
			isa = PBXGroup;
			children = (
				D18E731B2B0F69D3005E0D6A /* RecordPlayerViewController.swift */,
				D17036DC2B32B0BA00465669 /* RecordPlayerViewModel.swift */,
			);
			path = RecordPlayerModule;
			sourceTree = "<group>";
		};
		D18E73262B19B58D005E0D6A /* NetworkService */ = {
			isa = PBXGroup;
			children = (
				D18E73242B19B57E005E0D6A /* API.swift */,
				D171A19C2B25B4C300A97CCD /* APIService.swift */,
				D18E73312B205B95005E0D6A /* TracksModel.swift */,
			);
			path = NetworkService;
			sourceTree = "<group>";
		};
/* End PBXGroup section */

/* Begin PBXNativeTarget section */
		D18C759D2AE6DAC8004F41CF /* Lab#1 */ = {
			isa = PBXNativeTarget;
			buildConfigurationList = D18C75B22AE6DAC9004F41CF /* Build configuration list for PBXNativeTarget "Lab#1" */;
			buildPhases = (
				A87407C62EF07B3C45D730CD /* [CP] Check Pods Manifest.lock */,
				D18C759A2AE6DAC8004F41CF /* Sources */,
				D18C759B2AE6DAC8004F41CF /* Frameworks */,
				D18C759C2AE6DAC8004F41CF /* Resources */,
				67A17FC720764F30882F6741 /* [CP] Embed Pods Frameworks */,
			);
			buildRules = (
			);
			dependencies = (
			);
			name = "Lab#1";
			productName = "Lab#1";
			productReference = D18C759E2AE6DAC8004F41CF /* Lab#1.app */;
			productType = "com.apple.product-type.application";
		};
/* End PBXNativeTarget section */

/* Begin PBXProject section */
		D18C75962AE6DAC8004F41CF /* Project object */ = {
			isa = PBXProject;
			attributes = {
				BuildIndependentTargetsInParallel = 1;
				LastSwiftUpdateCheck = 1500;
				LastUpgradeCheck = 1500;
				TargetAttributes = {
					D18C759D2AE6DAC8004F41CF = {
						CreatedOnToolsVersion = 15.0;
					};
				};
			};
			buildConfigurationList = D18C75992AE6DAC8004F41CF /* Build configuration list for PBXProject "Lab#1" */;
			compatibilityVersion = "Xcode 14.0";
			developmentRegion = en;
			hasScannedForEncodings = 0;
			knownRegions = (
				en,
				Base,
			);
			mainGroup = D18C75952AE6DAC8004F41CF;
			productRefGroup = D18C759F2AE6DAC8004F41CF /* Products */;
			projectDirPath = "";
			projectRoot = "";
			targets = (
				D18C759D2AE6DAC8004F41CF /* Lab#1 */,
			);
		};
/* End PBXProject section */

/* Begin PBXResourcesBuildPhase section */
		D18C759C2AE6DAC8004F41CF /* Resources */ = {
			isa = PBXResourcesBuildPhase;
			buildActionMask = 2147483647;
			files = (
				D18C75AE2AE6DAC9004F41CF /* LaunchScreen.storyboard in Resources */,
				D18E731E2B0FB955005E0D6A /* Assets.xcassets in Resources */,
				D18C75BC2AF11C39004F41CF /* .gitignore in Resources */,
			);
			runOnlyForDeploymentPostprocessing = 0;
		};
/* End PBXResourcesBuildPhase section */

/* Begin PBXShellScriptBuildPhase section */
		67A17FC720764F30882F6741 /* [CP] Embed Pods Frameworks */ = {
			isa = PBXShellScriptBuildPhase;
			buildActionMask = 2147483647;
			files = (
			);
			inputFileListPaths = (
				"${PODS_ROOT}/Target Support Files/Pods-Lab#1/Pods-Lab#1-frameworks-${CONFIGURATION}-input-files.xcfilelist",
			);
			name = "[CP] Embed Pods Frameworks";
			outputFileListPaths = (
				"${PODS_ROOT}/Target Support Files/Pods-Lab#1/Pods-Lab#1-frameworks-${CONFIGURATION}-output-files.xcfilelist",
			);
			runOnlyForDeploymentPostprocessing = 0;
			shellPath = /bin/sh;
			shellScript = "\"${PODS_ROOT}/Target Support Files/Pods-Lab#1/Pods-Lab#1-frameworks.sh\"\n";
			showEnvVarsInLog = 0;
		};
		A87407C62EF07B3C45D730CD /* [CP] Check Pods Manifest.lock */ = {
			isa = PBXShellScriptBuildPhase;
			buildActionMask = 2147483647;
			files = (
			);
			inputFileListPaths = (
			);
			inputPaths = (
				"${PODS_PODFILE_DIR_PATH}/Podfile.lock",
				"${PODS_ROOT}/Manifest.lock",
			);
			name = "[CP] Check Pods Manifest.lock";
			outputFileListPaths = (
			);
			outputPaths = (
				"$(DERIVED_FILE_DIR)/Pods-Lab#1-checkManifestLockResult.txt",
			);
			runOnlyForDeploymentPostprocessing = 0;
			shellPath = /bin/sh;
			shellScript = "diff \"${PODS_PODFILE_DIR_PATH}/Podfile.lock\" \"${PODS_ROOT}/Manifest.lock\" > /dev/null\nif [ $? != 0 ] ; then\n    # print error to STDERR\n    echo \"error: The sandbox is not in sync with the Podfile.lock. Run 'pod install' or update your CocoaPods installation.\" >&2\n    exit 1\nfi\n# This output is used by Xcode 'outputs' to avoid re-running this script phase.\necho \"SUCCESS\" > \"${SCRIPT_OUTPUT_FILE_0}\"\n";
			showEnvVarsInLog = 0;
		};
/* End PBXShellScriptBuildPhase section */

/* Begin PBXSourcesBuildPhase section */
		D18C759A2AE6DAC8004F41CF /* Sources */ = {
			isa = PBXSourcesBuildPhase;
			buildActionMask = 2147483647;
			files = (
				D17036DF2B32CFD900465669 /* TrackListViewModel.swift in Sources */,
				D18C75A62AE6DAC8004F41CF /* RegistrationViewController.swift in Sources */,
				D17036DD2B32B0BA00465669 /* RecordPlayerViewModel.swift in Sources */,
				D18C75A22AE6DAC8004F41CF /* AppDelegate.swift in Sources */,
				D18E731C2B0F69D3005E0D6A /* RecordPlayerViewController.swift in Sources */,
				D18C75B82AE82010004F41CF /* RulesTableViewCell.swift in Sources */,
				D18E928A2B022E080012BF14 /* EnterTableViewCell.swift in Sources */,
				D18E73322B205B95005E0D6A /* TracksModel.swift in Sources */,
				D18E928C2B0258D20012BF14 /* UserDefaultsKyes.swift in Sources */,
				D18C75A42AE6DAC8004F41CF /* SceneDelegate.swift in Sources */,
				D171A19D2B25B4C300A97CCD /* APIService.swift in Sources */,
				D107D3D62B0624B7005F8DCD /* MainInformationTableViewCell.swift in Sources */,
				D18E928E2B0262170012BF14 /* TrackListViewController.swift in Sources */,
				D18C75BA2AEB9822004F41CF /* Model.swift in Sources */,
				D18E73252B19B57E005E0D6A /* API.swift in Sources */,
				D18E73132B0F3E4C005E0D6A /* TrackListTableViewCell.swift in Sources */,
			);
			runOnlyForDeploymentPostprocessing = 0;
		};
/* End PBXSourcesBuildPhase section */

/* Begin PBXVariantGroup section */
		D18C75AC2AE6DAC9004F41CF /* LaunchScreen.storyboard */ = {
			isa = PBXVariantGroup;
			children = (
				D18C75AD2AE6DAC9004F41CF /* Base */,
			);
			name = LaunchScreen.storyboard;
			sourceTree = "<group>";
		};
/* End PBXVariantGroup section */

/* Begin XCBuildConfiguration section */
		D18C75B02AE6DAC9004F41CF /* Debug */ = {
			isa = XCBuildConfiguration;
			buildSettings = {
				ALWAYS_SEARCH_USER_PATHS = NO;
				ASSETCATALOG_COMPILER_GENERATE_SWIFT_ASSET_SYMBOL_EXTENSIONS = YES;
				CLANG_ANALYZER_NONNULL = YES;
				CLANG_ANALYZER_NUMBER_OBJECT_CONVERSION = YES_AGGRESSIVE;
				CLANG_CXX_LANGUAGE_STANDARD = "gnu++20";
				CLANG_ENABLE_MODULES = YES;
				CLANG_ENABLE_OBJC_ARC = YES;
				CLANG_ENABLE_OBJC_WEAK = YES;
				CLANG_WARN_BLOCK_CAPTURE_AUTORELEASING = YES;
				CLANG_WARN_BOOL_CONVERSION = YES;
				CLANG_WARN_COMMA = YES;
				CLANG_WARN_CONSTANT_CONVERSION = YES;
				CLANG_WARN_DEPRECATED_OBJC_IMPLEMENTATIONS = YES;
				CLANG_WARN_DIRECT_OBJC_ISA_USAGE = YES_ERROR;
				CLANG_WARN_DOCUMENTATION_COMMENTS = YES;
				CLANG_WARN_EMPTY_BODY = YES;
				CLANG_WARN_ENUM_CONVERSION = YES;
				CLANG_WARN_INFINITE_RECURSION = YES;
				CLANG_WARN_INT_CONVERSION = YES;
				CLANG_WARN_NON_LITERAL_NULL_CONVERSION = YES;
				CLANG_WARN_OBJC_IMPLICIT_RETAIN_SELF = YES;
				CLANG_WARN_OBJC_LITERAL_CONVERSION = YES;
				CLANG_WARN_OBJC_ROOT_CLASS = YES_ERROR;
				CLANG_WARN_QUOTED_INCLUDE_IN_FRAMEWORK_HEADER = YES;
				CLANG_WARN_RANGE_LOOP_ANALYSIS = YES;
				CLANG_WARN_STRICT_PROTOTYPES = YES;
				CLANG_WARN_SUSPICIOUS_MOVE = YES;
				CLANG_WARN_UNGUARDED_AVAILABILITY = YES_AGGRESSIVE;
				CLANG_WARN_UNREACHABLE_CODE = YES;
				CLANG_WARN__DUPLICATE_METHOD_MATCH = YES;
				COPY_PHASE_STRIP = NO;
				DEBUG_INFORMATION_FORMAT = dwarf;
				ENABLE_STRICT_OBJC_MSGSEND = YES;
				ENABLE_TESTABILITY = YES;
				ENABLE_USER_SCRIPT_SANDBOXING = NO;
				GCC_C_LANGUAGE_STANDARD = gnu17;
				GCC_DYNAMIC_NO_PIC = NO;
				GCC_NO_COMMON_BLOCKS = YES;
				GCC_OPTIMIZATION_LEVEL = 0;
				GCC_PREPROCESSOR_DEFINITIONS = (
					"DEBUG=1",
					"$(inherited)",
				);
				GCC_WARN_64_TO_32_BIT_CONVERSION = YES;
				GCC_WARN_ABOUT_RETURN_TYPE = YES_ERROR;
				GCC_WARN_UNDECLARED_SELECTOR = YES;
				GCC_WARN_UNINITIALIZED_AUTOS = YES_AGGRESSIVE;
				GCC_WARN_UNUSED_FUNCTION = YES;
				GCC_WARN_UNUSED_VARIABLE = YES;
				IPHONEOS_DEPLOYMENT_TARGET = 17.0;
				LOCALIZATION_PREFERS_STRING_CATALOGS = YES;
				MTL_ENABLE_DEBUG_INFO = INCLUDE_SOURCE;
				MTL_FAST_MATH = YES;
				ONLY_ACTIVE_ARCH = YES;
				SDKROOT = iphoneos;
				SWIFT_ACTIVE_COMPILATION_CONDITIONS = "DEBUG $(inherited)";
				SWIFT_OPTIMIZATION_LEVEL = "-Onone";
			};
			name = Debug;
		};
		D18C75B12AE6DAC9004F41CF /* Release */ = {
			isa = XCBuildConfiguration;
			buildSettings = {
				ALWAYS_SEARCH_USER_PATHS = NO;
				ASSETCATALOG_COMPILER_GENERATE_SWIFT_ASSET_SYMBOL_EXTENSIONS = YES;
				CLANG_ANALYZER_NONNULL = YES;
				CLANG_ANALYZER_NUMBER_OBJECT_CONVERSION = YES_AGGRESSIVE;
				CLANG_CXX_LANGUAGE_STANDARD = "gnu++20";
				CLANG_ENABLE_MODULES = YES;
				CLANG_ENABLE_OBJC_ARC = YES;
				CLANG_ENABLE_OBJC_WEAK = YES;
				CLANG_WARN_BLOCK_CAPTURE_AUTORELEASING = YES;
				CLANG_WARN_BOOL_CONVERSION = YES;
				CLANG_WARN_COMMA = YES;
				CLANG_WARN_CONSTANT_CONVERSION = YES;
				CLANG_WARN_DEPRECATED_OBJC_IMPLEMENTATIONS = YES;
				CLANG_WARN_DIRECT_OBJC_ISA_USAGE = YES_ERROR;
				CLANG_WARN_DOCUMENTATION_COMMENTS = YES;
				CLANG_WARN_EMPTY_BODY = YES;
				CLANG_WARN_ENUM_CONVERSION = YES;
				CLANG_WARN_INFINITE_RECURSION = YES;
				CLANG_WARN_INT_CONVERSION = YES;
				CLANG_WARN_NON_LITERAL_NULL_CONVERSION = YES;
				CLANG_WARN_OBJC_IMPLICIT_RETAIN_SELF = YES;
				CLANG_WARN_OBJC_LITERAL_CONVERSION = YES;
				CLANG_WARN_OBJC_ROOT_CLASS = YES_ERROR;
				CLANG_WARN_QUOTED_INCLUDE_IN_FRAMEWORK_HEADER = YES;
				CLANG_WARN_RANGE_LOOP_ANALYSIS = YES;
				CLANG_WARN_STRICT_PROTOTYPES = YES;
				CLANG_WARN_SUSPICIOUS_MOVE = YES;
				CLANG_WARN_UNGUARDED_AVAILABILITY = YES_AGGRESSIVE;
				CLANG_WARN_UNREACHABLE_CODE = YES;
				CLANG_WARN__DUPLICATE_METHOD_MATCH = YES;
				COPY_PHASE_STRIP = NO;
				DEBUG_INFORMATION_FORMAT = "dwarf-with-dsym";
				ENABLE_NS_ASSERTIONS = NO;
				ENABLE_STRICT_OBJC_MSGSEND = YES;
				ENABLE_USER_SCRIPT_SANDBOXING = NO;
				GCC_C_LANGUAGE_STANDARD = gnu17;
				GCC_NO_COMMON_BLOCKS = YES;
				GCC_WARN_64_TO_32_BIT_CONVERSION = YES;
				GCC_WARN_ABOUT_RETURN_TYPE = YES_ERROR;
				GCC_WARN_UNDECLARED_SELECTOR = YES;
				GCC_WARN_UNINITIALIZED_AUTOS = YES_AGGRESSIVE;
				GCC_WARN_UNUSED_FUNCTION = YES;
				GCC_WARN_UNUSED_VARIABLE = YES;
				IPHONEOS_DEPLOYMENT_TARGET = 17.0;
				LOCALIZATION_PREFERS_STRING_CATALOGS = YES;
				MTL_ENABLE_DEBUG_INFO = NO;
				MTL_FAST_MATH = YES;
				SDKROOT = iphoneos;
				SWIFT_COMPILATION_MODE = wholemodule;
				VALIDATE_PRODUCT = YES;
			};
			name = Release;
		};
		D18C75B32AE6DAC9004F41CF /* Debug */ = {
			isa = XCBuildConfiguration;
			baseConfigurationReference = 041858889E61410EE779E499 /* Pods-Lab#1.debug.xcconfig */;
			buildSettings = {
				ASSETCATALOG_COMPILER_APPICON_NAME = AppIcon;
				ASSETCATALOG_COMPILER_GLOBAL_ACCENT_COLOR_NAME = AccentColor;
				ASSETCATALOG_COMPILER_INCLUDE_ALL_APPICON_ASSETS = YES;
				CODE_SIGN_STYLE = Automatic;
				CURRENT_PROJECT_VERSION = 1;
				DEVELOPMENT_TEAM = 8KV7G2XJQV;
				GENERATE_INFOPLIST_FILE = YES;
				INFOPLIST_FILE = "Lab#1/Info.plist";
				INFOPLIST_KEY_UIApplicationSupportsIndirectInputEvents = YES;
				INFOPLIST_KEY_UILaunchStoryboardName = LaunchScreen;
				INFOPLIST_KEY_UISupportedInterfaceOrientations_iPad = "UIInterfaceOrientationPortrait UIInterfaceOrientationPortraitUpsideDown UIInterfaceOrientationLandscapeLeft UIInterfaceOrientationLandscapeRight";
				INFOPLIST_KEY_UISupportedInterfaceOrientations_iPhone = "UIInterfaceOrientationPortrait UIInterfaceOrientationLandscapeLeft UIInterfaceOrientationLandscapeRight";
				IPHONEOS_DEPLOYMENT_TARGET = 13.0;
				LD_RUNPATH_SEARCH_PATHS = (
					"$(inherited)",
					"@executable_path/Frameworks",
				);
				MARKETING_VERSION = 1.0;
				PRODUCT_BUNDLE_IDENTIFIER = "A.Lab-1";
				PRODUCT_NAME = "$(TARGET_NAME)";
				SWIFT_EMIT_LOC_STRINGS = YES;
				SWIFT_VERSION = 5.0;
				TARGETED_DEVICE_FAMILY = "1,2";
			};
			name = Debug;
		};
		D18C75B42AE6DAC9004F41CF /* Release */ = {
			isa = XCBuildConfiguration;
			baseConfigurationReference = 145970822EAB9C8E59D0DC92 /* Pods-Lab#1.release.xcconfig */;
			buildSettings = {
				ASSETCATALOG_COMPILER_APPICON_NAME = AppIcon;
				ASSETCATALOG_COMPILER_GLOBAL_ACCENT_COLOR_NAME = AccentColor;
				ASSETCATALOG_COMPILER_INCLUDE_ALL_APPICON_ASSETS = YES;
				CODE_SIGN_STYLE = Automatic;
				CURRENT_PROJECT_VERSION = 1;
				DEVELOPMENT_TEAM = 8KV7G2XJQV;
				GENERATE_INFOPLIST_FILE = YES;
				INFOPLIST_FILE = "Lab#1/Info.plist";
				INFOPLIST_KEY_UIApplicationSupportsIndirectInputEvents = YES;
				INFOPLIST_KEY_UILaunchStoryboardName = LaunchScreen;
				INFOPLIST_KEY_UISupportedInterfaceOrientations_iPad = "UIInterfaceOrientationPortrait UIInterfaceOrientationPortraitUpsideDown UIInterfaceOrientationLandscapeLeft UIInterfaceOrientationLandscapeRight";
				INFOPLIST_KEY_UISupportedInterfaceOrientations_iPhone = "UIInterfaceOrientationPortrait UIInterfaceOrientationLandscapeLeft UIInterfaceOrientationLandscapeRight";
				IPHONEOS_DEPLOYMENT_TARGET = 13.0;
				LD_RUNPATH_SEARCH_PATHS = (
					"$(inherited)",
					"@executable_path/Frameworks",
				);
				MARKETING_VERSION = 1.0;
				PRODUCT_BUNDLE_IDENTIFIER = "A.Lab-1";
				PRODUCT_NAME = "$(TARGET_NAME)";
				SWIFT_EMIT_LOC_STRINGS = YES;
				SWIFT_VERSION = 5.0;
				TARGETED_DEVICE_FAMILY = "1,2";
			};
			name = Release;
		};
/* End XCBuildConfiguration section */

/* Begin XCConfigurationList section */
		D18C75992AE6DAC8004F41CF /* Build configuration list for PBXProject "Lab#1" */ = {
			isa = XCConfigurationList;
			buildConfigurations = (
				D18C75B02AE6DAC9004F41CF /* Debug */,
				D18C75B12AE6DAC9004F41CF /* Release */,
			);
			defaultConfigurationIsVisible = 0;
			defaultConfigurationName = Release;
		};
		D18C75B22AE6DAC9004F41CF /* Build configuration list for PBXNativeTarget "Lab#1" */ = {
			isa = XCConfigurationList;
			buildConfigurations = (
				D18C75B32AE6DAC9004F41CF /* Debug */,
				D18C75B42AE6DAC9004F41CF /* Release */,
			);
			defaultConfigurationIsVisible = 0;
			defaultConfigurationName = Release;
		};
/* End XCConfigurationList section */
	};
	rootObject = D18C75962AE6DAC8004F41CF /* Project object */;
}
